// !$*UTF8*$!
{
	archiveVersion = 1;
	classes = {
	};
	objectVersion = 50;
	objects = {

/* Begin PBXBuildFile section */
		630766D922191AE200649B26 /* main.swift in Sources */ = {isa = PBXBuildFile; fileRef = 630766D822191AE200649B26 /* main.swift */; };
		630766E422191BBD00649B26 /* ContextState.swift in Sources */ = {isa = PBXBuildFile; fileRef = 630766E322191BBD00649B26 /* ContextState.swift */; };
		630766E622191BD800649B26 /* Visit.swift in Sources */ = {isa = PBXBuildFile; fileRef = 630766E522191BD800649B26 /* Visit.swift */; };
		630766EA22191D3500649B26 /* Point.swift in Sources */ = {isa = PBXBuildFile; fileRef = 630766E922191D3500649B26 /* Point.swift */; };
		630766EE22191F6A00649B26 /* Parser.swift in Sources */ = {isa = PBXBuildFile; fileRef = 630766ED22191F6A00649B26 /* Parser.swift */; };
		6344615122382A5100F77E69 /* parsing_test_from_slides_functions.swift in Sources */ = {isa = PBXBuildFile; fileRef = 6344615022382A5100F77E69 /* parsing_test_from_slides_functions.swift */; };
/* End PBXBuildFile section */

/* Begin PBXCopyFilesBuildPhase section */
		630766D322191AE200649B26 /* CopyFiles */ = {
			isa = PBXCopyFilesBuildPhase;
			buildActionMask = 2147483647;
			dstPath = /usr/share/man/man1/;
			dstSubfolderSpec = 0;
			files = (
			);
			runOnlyForDeploymentPostprocessing = 1;
		};
/* End PBXCopyFilesBuildPhase section */

/* Begin PBXFileReference section */
		630766D522191AE200649B26 /* Contexual-State-Chart-Language */ = {isa = PBXFileReference; explicitFileType = "compiled.mach-o.executable"; includeInIndex = 0; path = "Contexual-State-Chart-Language"; sourceTree = BUILT_PRODUCTS_DIR; };
		630766D822191AE200649B26 /* main.swift */ = {isa = PBXFileReference; lastKnownFileType = sourcecode.swift; path = main.swift; sourceTree = "<group>"; };
		630766E322191BBD00649B26 /* ContextState.swift */ = {isa = PBXFileReference; fileEncoding = 4; lastKnownFileType = sourcecode.swift; path = ContextState.swift; sourceTree = "<group>"; };
		630766E522191BD800649B26 /* Visit.swift */ = {isa = PBXFileReference; fileEncoding = 4; lastKnownFileType = sourcecode.swift; path = Visit.swift; sourceTree = "<group>"; };
		630766E922191D3500649B26 /* Point.swift */ = {isa = PBXFileReference; fileEncoding = 4; lastKnownFileType = sourcecode.swift; path = Point.swift; sourceTree = "<group>"; };
		630766ED22191F6A00649B26 /* Parser.swift */ = {isa = PBXFileReference; fileEncoding = 4; lastKnownFileType = sourcecode.swift; path = Parser.swift; sourceTree = "<group>"; };
		6344615022382A5100F77E69 /* parsing_test_from_slides_functions.swift */ = {isa = PBXFileReference; lastKnownFileType = sourcecode.swift; path = parsing_test_from_slides_functions.swift; sourceTree = "<group>"; };
/* End PBXFileReference section */

/* Begin PBXFrameworksBuildPhase section */
		630766D222191AE200649B26 /* Frameworks */ = {
			isa = PBXFrameworksBuildPhase;
			buildActionMask = 2147483647;
			files = (
			);
			runOnlyForDeploymentPostprocessing = 0;
		};
/* End PBXFrameworksBuildPhase section */

/* Begin PBXGroup section */
		630766CC22191AE200649B26 = {
			isa = PBXGroup;
			children = (
				6344615022382A5100F77E69 /* parsing_test_from_slides_functions.swift */,
				630766D722191AE200649B26 /* Contexual-State-Chart-Language */,
				630766D622191AE200649B26 /* Products */,
			);
			sourceTree = "<group>";
		};
		630766D622191AE200649B26 /* Products */ = {
			isa = PBXGroup;
			children = (
				630766D522191AE200649B26 /* Contexual-State-Chart-Language */,
			);
			name = Products;
			sourceTree = "<group>";
		};
		630766D722191AE200649B26 /* Contexual-State-Chart-Language */ = {
			isa = PBXGroup;
			children = (
				630766D822191AE200649B26 /* main.swift */,
				630766E922191D3500649B26 /* Point.swift */,
				630766E322191BBD00649B26 /* ContextState.swift */,
				630766E522191BD800649B26 /* Visit.swift */,
				630766ED22191F6A00649B26 /* Parser.swift */,
			);
			path = "Contexual-State-Chart-Language";
			sourceTree = "<group>";
		};
/* End PBXGroup section */

/* Begin PBXNativeTarget section */
		630766D422191AE200649B26 /* Contexual-State-Chart-Language */ = {
			isa = PBXNativeTarget;
			buildConfigurationList = 630766DC22191AE200649B26 /* Build configuration list for PBXNativeTarget "Contexual-State-Chart-Language" */;
			buildPhases = (
				630766D122191AE200649B26 /* Sources */,
				630766D222191AE200649B26 /* Frameworks */,
				630766D322191AE200649B26 /* CopyFiles */,
			);
			buildRules = (
			);
			dependencies = (
			);
			name = "Contexual-State-Chart-Language";
			productName = "Contexual-State-Chart-Language";
			productReference = 630766D522191AE200649B26 /* Contexual-State-Chart-Language */;
			productType = "com.apple.product-type.tool";
		};
/* End PBXNativeTarget section */

/* Begin PBXProject section */
		630766CD22191AE200649B26 /* Project object */ = {
			isa = PBXProject;
			attributes = {
				LastSwiftUpdateCheck = 1010;
				LastUpgradeCheck = 1010;
				ORGANIZATIONNAME = David;
				TargetAttributes = {
					630766D422191AE200649B26 = {
						CreatedOnToolsVersion = 10.1;
					};
				};
			};
			buildConfigurationList = 630766D022191AE200649B26 /* Build configuration list for PBXProject "Contexual-State-Chart-Language" */;
			compatibilityVersion = "Xcode 9.3";
			developmentRegion = en;
			hasScannedForEncodings = 0;
			knownRegions = (
				en,
			);
			mainGroup = 630766CC22191AE200649B26;
			productRefGroup = 630766D622191AE200649B26 /* Products */;
			projectDirPath = "";
			projectRoot = "";
			targets = (
				630766D422191AE200649B26 /* Contexual-State-Chart-Language */,
			);
		};
/* End PBXProject section */

/* Begin PBXSourcesBuildPhase section */
		630766D122191AE200649B26 /* Sources */ = {
			isa = PBXSourcesBuildPhase;
			buildActionMask = 2147483647;
			files = (
				6344615122382A5100F77E69 /* parsing_test_from_slides_functions.swift in Sources */,
				630766EA22191D3500649B26 /* Point.swift in Sources */,
				630766EE22191F6A00649B26 /* Parser.swift in Sources */,
				630766D922191AE200649B26 /* main.swift in Sources */,
				630766E422191BBD00649B26 /* ContextState.swift in Sources */,
				630766E622191BD800649B26 /* Visit.swift in Sources */,
			);
			runOnlyForDeploymentPostprocessing = 0;
		};
/* End PBXSourcesBuildPhase section */

/* Begin XCBuildConfiguration section */
		630766DA22191AE200649B26 /* Debug */ = {
			isa = XCBuildConfiguration;
			buildSettings = {
				ALWAYS_SEARCH_USER_PATHS = NO;
				CLANG_ANALYZER_NONNULL = YES;
				CLANG_ANALYZER_NUMBER_OBJECT_CONVERSION = YES_AGGRESSIVE;
				CLANG_CXX_LANGUAGE_STANDARD = "gnu++14";
				CLANG_CXX_LIBRARY = "libc++";
				CLANG_ENABLE_MODULES = YES;
				CLANG_ENABLE_OBJC_ARC = YES;
				CLANG_ENABLE_OBJC_WEAK = YES;
				CLANG_WARN_BLOCK_CAPTURE_AUTORELEASING = YES;
				CLANG_WARN_BOOL_CONVERSION = YES;
				CLANG_WARN_COMMA = YES;
				CLANG_WARN_CONSTANT_CONVERSION = YES;
				CLANG_WARN_DEPRECATED_OBJC_IMPLEMENTATIONS = YES;
				CLANG_WARN_DIRECT_OBJC_ISA_USAGE = YES_ERROR;
				CLANG_WARN_DOCUMENTATION_COMMENTS = YES;
				CLANG_WARN_EMPTY_BODY = YES;
				CLANG_WARN_ENUM_CONVERSION = YES;
				CLANG_WARN_INFINITE_RECURSION = YES;
				CLANG_WARN_INT_CONVERSION = YES;
				CLANG_WARN_NON_LITERAL_NULL_CONVERSION = YES;
				CLANG_WARN_OBJC_IMPLICIT_RETAIN_SELF = YES;
				CLANG_WARN_OBJC_LITERAL_CONVERSION = YES;
				CLANG_WARN_OBJC_ROOT_CLASS = YES_ERROR;
				CLANG_WARN_RANGE_LOOP_ANALYSIS = YES;
				CLANG_WARN_STRICT_PROTOTYPES = YES;
				CLANG_WARN_SUSPICIOUS_MOVE = YES;
				CLANG_WARN_UNGUARDED_AVAILABILITY = YES_AGGRESSIVE;
				CLANG_WARN_UNREACHABLE_CODE = YES;
				CLANG_WARN__DUPLICATE_METHOD_MATCH = YES;
				CODE_SIGN_IDENTITY = "-";
				COPY_PHASE_STRIP = NO;
				DEBUG_INFORMATION_FORMAT = dwarf;
				ENABLE_STRICT_OBJC_MSGSEND = YES;
				ENABLE_TESTABILITY = YES;
				GCC_C_LANGUAGE_STANDARD = gnu11;
				GCC_DYNAMIC_NO_PIC = NO;
				GCC_NO_COMMON_BLOCKS = YES;
				GCC_OPTIMIZATION_LEVEL = 0;
				GCC_PREPROCESSOR_DEFINITIONS = (
					"DEBUG=1",
					"$(inherited)",
				);
				GCC_WARN_64_TO_32_BIT_CONVERSION = YES;
				GCC_WARN_ABOUT_RETURN_TYPE = YES_ERROR;
				GCC_WARN_UNDECLARED_SELECTOR = YES;
				GCC_WARN_UNINITIALIZED_AUTOS = YES_AGGRESSIVE;
				GCC_WARN_UNUSED_FUNCTION = YES;
				GCC_WARN_UNUSED_VARIABLE = YES;
				MACOSX_DEPLOYMENT_TARGET = 10.14;
				MTL_ENABLE_DEBUG_INFO = INCLUDE_SOURCE;
				MTL_FAST_MATH = YES;
				ONLY_ACTIVE_ARCH = YES;
				SDKROOT = macosx;
				SWIFT_ACTIVE_COMPILATION_CONDITIONS = DEBUG;
				SWIFT_OPTIMIZATION_LEVEL = "-Onone";
			};
			name = Debug;
		};
		630766DB22191AE200649B26 /* Release */ = {
			isa = XCBuildConfiguration;
			buildSettings = {
				ALWAYS_SEARCH_USER_PATHS = NO;
				CLANG_ANALYZER_NONNULL = YES;
				CLANG_ANALYZER_NUMBER_OBJECT_CONVERSION = YES_AGGRESSIVE;
				CLANG_CXX_LANGUAGE_STANDARD = "gnu++14";
				CLANG_CXX_LIBRARY = "libc++";
				CLANG_ENABLE_MODULES = YES;
				CLANG_ENABLE_OBJC_ARC = YES;
				CLANG_ENABLE_OBJC_WEAK = YES;
				CLANG_WARN_BLOCK_CAPTURE_AUTORELEASING = YES;
				CLANG_WARN_BOOL_CONVERSION = YES;
				CLANG_WARN_COMMA = YES;
				CLANG_WARN_CONSTANT_CONVERSION = YES;
				CLANG_WARN_DEPRECATED_OBJC_IMPLEMENTATIONS = YES;
				CLANG_WARN_DIRECT_OBJC_ISA_USAGE = YES_ERROR;
				CLANG_WARN_DOCUMENTATION_COMMENTS = YES;
				CLANG_WARN_EMPTY_BODY = YES;
				CLANG_WARN_ENUM_CONVERSION = YES;
				CLANG_WARN_INFINITE_RECURSION = YES;
				CLANG_WARN_INT_CONVERSION = YES;
				CLANG_WARN_NON_LITERAL_NULL_CONVERSION = YES;
				CLANG_WARN_OBJC_IMPLICIT_RETAIN_SELF = YES;
				CLANG_WARN_OBJC_LITERAL_CONVERSION = YES;
				CLANG_WARN_OBJC_ROOT_CLASS = YES_ERROR;
				CLANG_WARN_RANGE_LOOP_ANALYSIS = YES;
				CLANG_WARN_STRICT_PROTOTYPES = YES;
				CLANG_WARN_SUSPICIOUS_MOVE = YES;
				CLANG_WARN_UNGUARDED_AVAILABILITY = YES_AGGRESSIVE;
				CLANG_WARN_UNREACHABLE_CODE = YES;
				CLANG_WARN__DUPLICATE_METHOD_MATCH = YES;
				CODE_SIGN_IDENTITY = "-";
				COPY_PHASE_STRIP = NO;
				DEBUG_INFORMATION_FORMAT = "dwarf-with-dsym";
				ENABLE_NS_ASSERTIONS = NO;
				ENABLE_STRICT_OBJC_MSGSEND = YES;
				GCC_C_LANGUAGE_STANDARD = gnu11;
				GCC_NO_COMMON_BLOCKS = YES;
				GCC_WARN_64_TO_32_BIT_CONVERSION = YES;
				GCC_WARN_ABOUT_RETURN_TYPE = YES_ERROR;
				GCC_WARN_UNDECLARED_SELECTOR = YES;
				GCC_WARN_UNINITIALIZED_AUTOS = YES_AGGRESSIVE;
				GCC_WARN_UNUSED_FUNCTION = YES;
				GCC_WARN_UNUSED_VARIABLE = YES;
				MACOSX_DEPLOYMENT_TARGET = 10.14;
				MTL_ENABLE_DEBUG_INFO = NO;
				MTL_FAST_MATH = YES;
				SDKROOT = macosx;
				SWIFT_COMPILATION_MODE = wholemodule;
				SWIFT_OPTIMIZATION_LEVEL = "-O";
			};
			name = Release;
		};
		630766DD22191AE200649B26 /* Debug */ = {
			isa = XCBuildConfiguration;
			buildSettings = {
				CODE_SIGN_STYLE = Automatic;
				PRODUCT_NAME = "$(TARGET_NAME)";
				SWIFT_VERSION = 4.2;
			};
			name = Debug;
		};
		630766DE22191AE200649B26 /* Release */ = {
			isa = XCBuildConfiguration;
			buildSettings = {
				CODE_SIGN_STYLE = Automatic;
				PRODUCT_NAME = "$(TARGET_NAME)";
				SWIFT_VERSION = 4.2;
			};
			name = Release;
		};
/* End XCBuildConfiguration section */

/* Begin XCConfigurationList section */
		630766D022191AE200649B26 /* Build configuration list for PBXProject "Contexual-State-Chart-Language" */ = {
			isa = XCConfigurationList;
			buildConfigurations = (
				630766DA22191AE200649B26 /* Debug */,
				630766DB22191AE200649B26 /* Release */,
			);
			defaultConfigurationIsVisible = 0;
			defaultConfigurationName = Release;
		};
		630766DC22191AE200649B26 /* Build configuration list for PBXNativeTarget "Contexual-State-Chart-Language" */ = {
			isa = XCConfigurationList;
			buildConfigurations = (
				630766DD22191AE200649B26 /* Debug */,
				630766DE22191AE200649B26 /* Release */,
			);
			defaultConfigurationIsVisible = 0;
			defaultConfigurationName = Release;
		};
/* End XCConfigurationList section */
	};
	rootObject = 630766CD22191AE200649B26 /* Project object */;
}
